{
  "name": "djcontroller.js",
  "version": "0.0.1",
  "lockfileVersion": 2,
  "requires": true,
  "packages": {
    "": {
      "name": "djcontroller.js",
      "version": "0.0.1",
      "license": "MIT",
      "dependencies": {
        "@rgrove/parse-xml": "^3.0.0"
      },
      "devDependencies": {
        "typescript": "^4.7.4"
      }
    },
    "node_modules/@rgrove/parse-xml": {
      "version": "3.0.0",
      "resolved": "https://registry.npmjs.org/@rgrove/parse-xml/-/parse-xml-3.0.0.tgz",
      "integrity": "sha512-GFGDywRwGbuGq9yeL8wTjjLOsZ5Ps4O5tQ71eDcAfaZrZeA7Oe8QJzrnmFgplWtnoaBIBaFBB3n5Ht9iU4jLLw==",
      "engines": {
        "node": ">=12.0.0"
      }
    },
    "node_modules/typescript": {
      "version": "4.7.4",
      "resolved": "https://registry.npmjs.org/typescript/-/typescript-4.7.4.tgz",
      "integrity": "sha512-C0WQT0gezHuw6AdY1M2jxUO83Rjf0HP7Sk1DtXj6j1EwkQNZrHAg2XPWlq62oqEhYvONq5pkC2Y9oPljWToLmQ==",
      "dev": true,
      "bin": {
        "tsc": "bin/tsc",
        "tsserver": "bin/tsserver"
      },
      "engines": {
        "node": ">=4.2.0"
      }
    }
  },
  "dependencies": {
    "@rgrove/parse-xml": {
      "version": "3.0.0",
      "resolved": "https://registry.npmjs.org/@rgrove/parse-xml/-/parse-xml-3.0.0.tgz",
      "integrity": "sha512-GFGDywRwGbuGq9yeL8wTjjLOsZ5Ps4O5tQ71eDcAfaZrZeA7Oe8QJzrnmFgplWtnoaBIBaFBB3n5Ht9iU4jLLw=="
    },
    "typescript": {
      "version": "4.7.4",
      "resolved": "https://registry.npmjs.org/typescript/-/typescript-4.7.4.tgz",
      "integrity": "sha512-C0WQT0gezHuw6AdY1M2jxUO83Rjf0HP7Sk1DtXj6j1EwkQNZrHAg2XPWlq62oqEhYvONq5pkC2Y9oPljWToLmQ==",
      "dev": true
    }
  }
}
